
Microsoft Visual Studio Solution File, Format Version 12.00
# Visual Studio Version 16
VisualStudioVersion = 16.0.29209.62
MinimumVisualStudioVersion = 10.0.40219.1
Project("{9A19103F-16F7-4668-BE54-9A1E7A4F7556}") = "LostFilmMonitoring.BLL", "LostFilmMonitoring.BLL\LostFilmMonitoring.BLL.csproj", "{7CA3C668-6229-490B-9623-1A36BCC2ED05}"
EndProject
Project("{9A19103F-16F7-4668-BE54-9A1E7A4F7556}") = "LostFilmMonitoring.DAO", "LostFilmMonitoring.DAO\LostFilmMonitoring.DAO.csproj", "{F6205B06-481F-4029-BF2C-18003BB3186F}"
EndProject
Project("{9A19103F-16F7-4668-BE54-9A1E7A4F7556}") = "LostFilmMonitoring.Web", "LostFilmMonitoring.Web\LostFilmMonitoring.Web.csproj", "{AADB9050-2E53-46AB-A5FB-F8A18FAE1514}"
EndProject
Project("{9A19103F-16F7-4668-BE54-9A1E7A4F7556}") = "LostFilmMonitoring.Common", "LostFilmMonitoring.Common\LostFilmMonitoring.Common.csproj", "{270FC57F-EA40-47BC-B0EF-866384DAA121}"
EndProject
Project("{9A19103F-16F7-4668-BE54-9A1E7A4F7556}") = "LostFilmTV.Client", "LostFilmTV.Client\LostFilmTV.Client.csproj", "{DA636132-A23E-464D-BC2C-2B177B4CEEC8}"
EndProject
Project("{2150E333-8FDC-42A3-9474-1A3956D46DE8}") = "Solution Items", "Solution Items", "{4222D218-C7D1-46A2-A78C-1B845930FF4B}"
	ProjectSection(SolutionItems) = preProject
		.editorconfig = .editorconfig
		data\lostfilmtorrentfeed.db = data\lostfilmtorrentfeed.db
	EndProjectSection
EndProject
Project("{9A19103F-16F7-4668-BE54-9A1E7A4F7556}") = "LostFilmMonitoring.Updater", "LostFilmMonitoring.Updater\LostFilmMonitoring.Updater.csproj", "{CF84E0B4-F217-4AD0-BF74-A1F2485DB9EE}"
EndProject
Project("{FAE04EC0-301F-11D3-BF4B-00C04F79EFBC}") = "LostFilmTV.Client.Tests", "LostFilmTV.Client.Tests\LostFilmTV.Client.Tests.csproj", "{6A9F95A1-4B9D-4A0E-BF6B-FE70DD6D2FA0}"
EndProject
Global
	GlobalSection(SolutionConfigurationPlatforms) = preSolution
		Debug|Any CPU = Debug|Any CPU
		Release|Any CPU = Release|Any CPU
	EndGlobalSection
	GlobalSection(ProjectConfigurationPlatforms) = postSolution
		{7CA3C668-6229-490B-9623-1A36BCC2ED05}.Debug|Any CPU.ActiveCfg = Debug|Any CPU
		{7CA3C668-6229-490B-9623-1A36BCC2ED05}.Debug|Any CPU.Build.0 = Debug|Any CPU
		{7CA3C668-6229-490B-9623-1A36BCC2ED05}.Release|Any CPU.ActiveCfg = Release|Any CPU
		{7CA3C668-6229-490B-9623-1A36BCC2ED05}.Release|Any CPU.Build.0 = Release|Any CPU
		{F6205B06-481F-4029-BF2C-18003BB3186F}.Debug|Any CPU.ActiveCfg = Debug|Any CPU
		{F6205B06-481F-4029-BF2C-18003BB3186F}.Debug|Any CPU.Build.0 = Debug|Any CPU
		{F6205B06-481F-4029-BF2C-18003BB3186F}.Release|Any CPU.ActiveCfg = Release|Any CPU
		{F6205B06-481F-4029-BF2C-18003BB3186F}.Release|Any CPU.Build.0 = Release|Any CPU
		{AADB9050-2E53-46AB-A5FB-F8A18FAE1514}.Debug|Any CPU.ActiveCfg = Debug|Any CPU
		{AADB9050-2E53-46AB-A5FB-F8A18FAE1514}.Debug|Any CPU.Build.0 = Debug|Any CPU
		{AADB9050-2E53-46AB-A5FB-F8A18FAE1514}.Release|Any CPU.ActiveCfg = Release|Any CPU
		{AADB9050-2E53-46AB-A5FB-F8A18FAE1514}.Release|Any CPU.Build.0 = Release|Any CPU
		{270FC57F-EA40-47BC-B0EF-866384DAA121}.Debug|Any CPU.ActiveCfg = Debug|Any CPU
		{270FC57F-EA40-47BC-B0EF-866384DAA121}.Debug|Any CPU.Build.0 = Debug|Any CPU
		{270FC57F-EA40-47BC-B0EF-866384DAA121}.Release|Any CPU.ActiveCfg = Release|Any CPU
		{270FC57F-EA40-47BC-B0EF-866384DAA121}.Release|Any CPU.Build.0 = Release|Any CPU
		{DA636132-A23E-464D-BC2C-2B177B4CEEC8}.Debug|Any CPU.ActiveCfg = Debug|Any CPU
		{DA636132-A23E-464D-BC2C-2B177B4CEEC8}.Debug|Any CPU.Build.0 = Debug|Any CPU
		{DA636132-A23E-464D-BC2C-2B177B4CEEC8}.Release|Any CPU.ActiveCfg = Release|Any CPU
		{DA636132-A23E-464D-BC2C-2B177B4CEEC8}.Release|Any CPU.Build.0 = Release|Any CPU
		{CF84E0B4-F217-4AD0-BF74-A1F2485DB9EE}.Debug|Any CPU.ActiveCfg = Debug|Any CPU
		{CF84E0B4-F217-4AD0-BF74-A1F2485DB9EE}.Debug|Any CPU.Build.0 = Debug|Any CPU
		{CF84E0B4-F217-4AD0-BF74-A1F2485DB9EE}.Release|Any CPU.ActiveCfg = Release|Any CPU
		{CF84E0B4-F217-4AD0-BF74-A1F2485DB9EE}.Release|Any CPU.Build.0 = Release|Any CPU
		{6A9F95A1-4B9D-4A0E-BF6B-FE70DD6D2FA0}.Debug|Any CPU.ActiveCfg = Debug|Any CPU
		{6A9F95A1-4B9D-4A0E-BF6B-FE70DD6D2FA0}.Debug|Any CPU.Build.0 = Debug|Any CPU
		{6A9F95A1-4B9D-4A0E-BF6B-FE70DD6D2FA0}.Release|Any CPU.ActiveCfg = Release|Any CPU
		{6A9F95A1-4B9D-4A0E-BF6B-FE70DD6D2FA0}.Release|Any CPU.Build.0 = Release|Any CPU
	EndGlobalSection
	GlobalSection(SolutionProperties) = preSolution
		HideSolutionNode = FALSE
	EndGlobalSection
	GlobalSection(ExtensibilityGlobals) = postSolution
		SolutionGuid = {2A2AD551-D951-4835-8D4C-AE22DBB56772}
	EndGlobalSection
EndGlobal
